// !$*UTF8*$!
{
	archiveVersion = 1;
	classes = {
	};
	objectVersion = 50;
	objects = {

/* Begin PBXBuildFile section */
		99567DD126EEDFD1002C5156 /* AppDelegate.swift in Sources */ = {isa = PBXBuildFile; fileRef = 99567DD026EEDFD1002C5156 /* AppDelegate.swift */; };
		99567DD326EEDFD1002C5156 /* SceneDelegate.swift in Sources */ = {isa = PBXBuildFile; fileRef = 99567DD226EEDFD1002C5156 /* SceneDelegate.swift */; };
		99567DD526EEDFD1002C5156 /* ViewController.swift in Sources */ = {isa = PBXBuildFile; fileRef = 99567DD426EEDFD1002C5156 /* ViewController.swift */; };
		99567DD826EEDFD1002C5156 /* Main.storyboard in Resources */ = {isa = PBXBuildFile; fileRef = 99567DD626EEDFD1002C5156 /* Main.storyboard */; };
		99567DDA26EEDFD2002C5156 /* Assets.xcassets in Resources */ = {isa = PBXBuildFile; fileRef = 99567DD926EEDFD2002C5156 /* Assets.xcassets */; };
		99567DDD26EEDFD2002C5156 /* LaunchScreen.storyboard in Resources */ = {isa = PBXBuildFile; fileRef = 99567DDB26EEDFD2002C5156 /* LaunchScreen.storyboard */; };
/* End PBXBuildFile section */

/* Begin PBXFileReference section */
		99567DCD26EEDFD1002C5156 /* Simple_Timer_Youtube.app */ = {isa = PBXFileReference; explicitFileType = wrapper.application; includeInIndex = 0; path = Simple_Timer_Youtube.app; sourceTree = BUILT_PRODUCTS_DIR; };
		99567DD026EEDFD1002C5156 /* AppDelegate.swift */ = {isa = PBXFileReference; lastKnownFileType = sourcecode.swift; path = AppDelegate.swift; sourceTree = "<group>"; };
		99567DD226EEDFD1002C5156 /* SceneDelegate.swift */ = {isa = PBXFileReference; lastKnownFileType = sourcecode.swift; path = SceneDelegate.swift; sourceTree = "<group>"; };
		99567DD426EEDFD1002C5156 /* ViewController.swift */ = {isa = PBXFileReference; lastKnownFileType = sourcecode.swift; path = ViewController.swift; sourceTree = "<group>"; };
		99567DD726EEDFD1002C5156 /* Base */ = {isa = PBXFileReference; lastKnownFileType = file.storyboard; name = Base; path = Base.lproj/Main.storyboard; sourceTree = "<group>"; };
		99567DD926EEDFD2002C5156 /* Assets.xcassets */ = {isa = PBXFileReference; lastKnownFileType = folder.assetcatalog; path = Assets.xcassets; sourceTree = "<group>"; };
		99567DDC26EEDFD2002C5156 /* Base */ = {isa = PBXFileReference; lastKnownFileType = file.storyboard; name = Base; path = Base.lproj/LaunchScreen.storyboard; sourceTree = "<group>"; };
		99567DDE26EEDFD2002C5156 /* Info.plist */ = {isa = PBXFileReference; lastKnownFileType = text.plist.xml; path = Info.plist; sourceTree = "<group>"; };
		99567DE426EEE970002C5156 /* README-Timer info.md */ = {isa = PBXFileReference; lastKnownFileType = net.daringfireball.markdown; path = "README-Timer info.md"; sourceTree = "<group>"; };
/* End PBXFileReference section */

/* Begin PBXFrameworksBuildPhase section */
		99567DCA26EEDFD1002C5156 /* Frameworks */ = {
			isa = PBXFrameworksBuildPhase;
			buildActionMask = 2147483647;
			files = (
			);
			runOnlyForDeploymentPostprocessing = 0;
		};
/* End PBXFrameworksBuildPhase section */

/* Begin PBXGroup section */
		99567DC426EEDFD1002C5156 = {
			isa = PBXGroup;
			children = (
				99567DE426EEE970002C5156 /* README-Timer info.md */,
				99567DCF26EEDFD1002C5156 /* Simple_Timer_Youtube */,
				99567DCE26EEDFD1002C5156 /* Products */,
			);
			sourceTree = "<group>";
		};
		99567DCE26EEDFD1002C5156 /* Products */ = {
			isa = PBXGroup;
			children = (
				99567DCD26EEDFD1002C5156 /* Simple_Timer_Youtube.app */,
			);
			name = Products;
			sourceTree = "<group>";
		};
		99567DCF26EEDFD1002C5156 /* Simple_Timer_Youtube */ = {
			isa = PBXGroup;
			children = (
				99567DD026EEDFD1002C5156 /* AppDelegate.swift */,
				99567DD226EEDFD1002C5156 /* SceneDelegate.swift */,
				99567DD426EEDFD1002C5156 /* ViewController.swift */,
				99567DD626EEDFD1002C5156 /* Main.storyboard */,
				99567DD926EEDFD2002C5156 /* Assets.xcassets */,
				99567DDB26EEDFD2002C5156 /* LaunchScreen.storyboard */,
				99567DDE26EEDFD2002C5156 /* Info.plist */,
			);
			path = Simple_Timer_Youtube;
			sourceTree = "<group>";
		};
/* End PBXGroup section */

/* Begin PBXNativeTarget section */
		99567DCC26EEDFD1002C5156 /* Simple_Timer_Youtube */ = {
			isa = PBXNativeTarget;
			buildConfigurationList = 99567DE126EEDFD2002C5156 /* Build configuration list for PBXNativeTarget "Simple_Timer_Youtube" */;
			buildPhases = (
				99567DC926EEDFD1002C5156 /* Sources */,
				99567DCA26EEDFD1002C5156 /* Frameworks */,
				99567DCB26EEDFD1002C5156 /* Resources */,
			);
			buildRules = (
			);
			dependencies = (
			);
			name = Simple_Timer_Youtube;
			productName = Simple_Timer_Youtube;
			productReference = 99567DCD26EEDFD1002C5156 /* Simple_Timer_Youtube.app */;
			productType = "com.apple.product-type.application";
		};
/* End PBXNativeTarget section */

/* Begin PBXProject section */
		99567DC526EEDFD1002C5156 /* Project object */ = {
			isa = PBXProject;
			attributes = {
				LastSwiftUpdateCheck = 1250;
				LastUpgradeCheck = 1250;
				TargetAttributes = {
					99567DCC26EEDFD1002C5156 = {
						CreatedOnToolsVersion = 12.5.1;
					};
				};
			};
			buildConfigurationList = 99567DC826EEDFD1002C5156 /* Build configuration list for PBXProject "Simple_Timer_Youtube" */;
			compatibilityVersion = "Xcode 9.3";
			developmentRegion = en;
			hasScannedForEncodings = 0;
			knownRegions = (
				en,
				Base,
			);
			mainGroup = 99567DC426EEDFD1002C5156;
			productRefGroup = 99567DCE26EEDFD1002C5156 /* Products */;
			projectDirPath = "";
			projectRoot = "";
			targets = (
				99567DCC26EEDFD1002C5156 /* Simple_Timer_Youtube */,
			);
		};
/* End PBXProject section */

/* Begin PBXResourcesBuildPhase section */
		99567DCB26EEDFD1002C5156 /* Resources */ = {
			isa = PBXResourcesBuildPhase;
			buildActionMask = 2147483647;
			files = (
				99567DDD26EEDFD2002C5156 /* LaunchScreen.storyboard in Resources */,
				99567DDA26EEDFD2002C5156 /* Assets.xcassets in Resources */,
				99567DD826EEDFD1002C5156 /* Main.storyboard in Resources */,
			);
			runOnlyForDeploymentPostprocessing = 0;
		};
/* End PBXResourcesBuildPhase section */

/* Begin PBXSourcesBuildPhase section */
		99567DC926EEDFD1002C5156 /* Sources */ = {
			isa = PBXSourcesBuildPhase;
			buildActionMask = 2147483647;
			files = (
				99567DD526EEDFD1002C5156 /* ViewController.swift in Sources */,
				99567DD126EEDFD1002C5156 /* AppDelegate.swift in Sources */,
				99567DD326EEDFD1002C5156 /* SceneDelegate.swift in Sources */,
			);
			runOnlyForDeploymentPostprocessing = 0;
		};
/* End PBXSourcesBuildPhase section */

/* Begin PBXVariantGroup section */
		99567DD626EEDFD1002C5156 /* Main.storyboard */ = {
			isa = PBXVariantGroup;
			children = (
				99567DD726EEDFD1002C5156 /* Base */,
			);
			name = Main.storyboard;
			sourceTree = "<group>";
		};
		99567DDB26EEDFD2002C5156 /* LaunchScreen.storyboard */ = {
			isa = PBXVariantGroup;
			children = (
				99567DDC26EEDFD2002C5156 /* Base */,
			);
			name = LaunchScreen.storyboard;
			sourceTree = "<group>";
		};
/* End PBXVariantGroup section */

/* Begin XCBuildConfiguration section */
		99567DDF26EEDFD2002C5156 /* Debug */ = {
			isa = XCBuildConfiguration;
			buildSettings = {
				ALWAYS_SEARCH_USER_PATHS = NO;
				CLANG_ANALYZER_NONNULL = YES;
				CLANG_ANALYZER_NUMBER_OBJECT_CONVERSION = YES_AGGRESSIVE;
				CLANG_CXX_LANGUAGE_STANDARD = "gnu++14";
				CLANG_CXX_LIBRARY = "libc++";
				CLANG_ENABLE_MODULES = YES;
				CLANG_ENABLE_OBJC_ARC = YES;
				CLANG_ENABLE_OBJC_WEAK = YES;
				CLANG_WARN_BLOCK_CAPTURE_AUTORELEASING = YES;
				CLANG_WARN_BOOL_CONVERSION = YES;
				CLANG_WARN_COMMA = YES;
				CLANG_WARN_CONSTANT_CONVERSION = YES;
				CLANG_WARN_DEPRECATED_OBJC_IMPLEMENTATIONS = YES;
				CLANG_WARN_DIRECT_OBJC_ISA_USAGE = YES_ERROR;
				CLANG_WARN_DOCUMENTATION_COMMENTS = YES;
				CLANG_WARN_EMPTY_BODY = YES;
				CLANG_WARN_ENUM_CONVERSION = YES;
				CLANG_WARN_INFINITE_RECURSION = YES;
				CLANG_WARN_INT_CONVERSION = YES;
				CLANG_WARN_NON_LITERAL_NULL_CONVERSION = YES;
				CLANG_WARN_OBJC_IMPLICIT_RETAIN_SELF = YES;
				CLANG_WARN_OBJC_LITERAL_CONVERSION = YES;
				CLANG_WARN_OBJC_ROOT_CLASS = YES_ERROR;
				CLANG_WARN_QUOTED_INCLUDE_IN_FRAMEWORK_HEADER = YES;
				CLANG_WARN_RANGE_LOOP_ANALYSIS = YES;
				CLANG_WARN_STRICT_PROTOTYPES = YES;
				CLANG_WARN_SUSPICIOUS_MOVE = YES;
				CLANG_WARN_UNGUARDED_AVAILABILITY = YES_AGGRESSIVE;
				CLANG_WARN_UNREACHABLE_CODE = YES;
				CLANG_WARN__DUPLICATE_METHOD_MATCH = YES;
				COPY_PHASE_STRIP = NO;
				DEBUG_INFORMATION_FORMAT = dwarf;
				ENABLE_STRICT_OBJC_MSGSEND = YES;
				ENABLE_TESTABILITY = YES;
				GCC_C_LANGUAGE_STANDARD = gnu11;
				GCC_DYNAMIC_NO_PIC = NO;
				GCC_NO_COMMON_BLOCKS = YES;
				GCC_OPTIMIZATION_LEVEL = 0;
				GCC_PREPROCESSOR_DEFINITIONS = (
					"DEBUG=1",
					"$(inherited)",
				);
				GCC_WARN_64_TO_32_BIT_CONVERSION = YES;
				GCC_WARN_ABOUT_RETURN_TYPE = YES_ERROR;
				GCC_WARN_UNDECLARED_SELECTOR = YES;
				GCC_WARN_UNINITIALIZED_AUTOS = YES_AGGRESSIVE;
				GCC_WARN_UNUSED_FUNCTION = YES;
				GCC_WARN_UNUSED_VARIABLE = YES;
				IPHONEOS_DEPLOYMENT_TARGET = 14.5;
				MTL_ENABLE_DEBUG_INFO = INCLUDE_SOURCE;
				MTL_FAST_MATH = YES;
				ONLY_ACTIVE_ARCH = YES;
				SDKROOT = iphoneos;
				SWIFT_ACTIVE_COMPILATION_CONDITIONS = DEBUG;
				SWIFT_OPTIMIZATION_LEVEL = "-Onone";
			};
			name = Debug;
		};
		99567DE026EEDFD2002C5156 /* Release */ = {
			isa = XCBuildConfiguration;
			buildSettings = {
				ALWAYS_SEARCH_USER_PATHS = NO;
				CLANG_ANALYZER_NONNULL = YES;
				CLANG_ANALYZER_NUMBER_OBJECT_CONVERSION = YES_AGGRESSIVE;
				CLANG_CXX_LANGUAGE_STANDARD = "gnu++14";
				CLANG_CXX_LIBRARY = "libc++";
				CLANG_ENABLE_MODULES = YES;
				CLANG_ENABLE_OBJC_ARC = YES;
				CLANG_ENABLE_OBJC_WEAK = YES;
				CLANG_WARN_BLOCK_CAPTURE_AUTORELEASING = YES;
				CLANG_WARN_BOOL_CONVERSION = YES;
				CLANG_WARN_COMMA = YES;
				CLANG_WARN_CONSTANT_CONVERSION = YES;
				CLANG_WARN_DEPRECATED_OBJC_IMPLEMENTATIONS = YES;
				CLANG_WARN_DIRECT_OBJC_ISA_USAGE = YES_ERROR;
				CLANG_WARN_DOCUMENTATION_COMMENTS = YES;
				CLANG_WARN_EMPTY_BODY = YES;
				CLANG_WARN_ENUM_CONVERSION = YES;
				CLANG_WARN_INFINITE_RECURSION = YES;
				CLANG_WARN_INT_CONVERSION = YES;
				CLANG_WARN_NON_LITERAL_NULL_CONVERSION = YES;
				CLANG_WARN_OBJC_IMPLICIT_RETAIN_SELF = YES;
				CLANG_WARN_OBJC_LITERAL_CONVERSION = YES;
				CLANG_WARN_OBJC_ROOT_CLASS = YES_ERROR;
				CLANG_WARN_QUOTED_INCLUDE_IN_FRAMEWORK_HEADER = YES;
				CLANG_WARN_RANGE_LOOP_ANALYSIS = YES;
				CLANG_WARN_STRICT_PROTOTYPES = YES;
				CLANG_WARN_SUSPICIOUS_MOVE = YES;
				CLANG_WARN_UNGUARDED_AVAILABILITY = YES_AGGRESSIVE;
				CLANG_WARN_UNREACHABLE_CODE = YES;
				CLANG_WARN__DUPLICATE_METHOD_MATCH = YES;
				COPY_PHASE_STRIP = NO;
				DEBUG_INFORMATION_FORMAT = "dwarf-with-dsym";
				ENABLE_NS_ASSERTIONS = NO;
				ENABLE_STRICT_OBJC_MSGSEND = YES;
				GCC_C_LANGUAGE_STANDARD = gnu11;
				GCC_NO_COMMON_BLOCKS = YES;
				GCC_WARN_64_TO_32_BIT_CONVERSION = YES;
				GCC_WARN_ABOUT_RETURN_TYPE = YES_ERROR;
				GCC_WARN_UNDECLARED_SELECTOR = YES;
				GCC_WARN_UNINITIALIZED_AUTOS = YES_AGGRESSIVE;
				GCC_WARN_UNUSED_FUNCTION = YES;
				GCC_WARN_UNUSED_VARIABLE = YES;
				IPHONEOS_DEPLOYMENT_TARGET = 14.5;
				MTL_ENABLE_DEBUG_INFO = NO;
				MTL_FAST_MATH = YES;
				SDKROOT = iphoneos;
				SWIFT_COMPILATION_MODE = wholemodule;
				SWIFT_OPTIMIZATION_LEVEL = "-O";
				VALIDATE_PRODUCT = YES;
			};
			name = Release;
		};
		99567DE226EEDFD2002C5156 /* Debug */ = {
			isa = XCBuildConfiguration;
			buildSettings = {
				ASSETCATALOG_COMPILER_APPICON_NAME = AppIcon;
				ASSETCATALOG_COMPILER_GLOBAL_ACCENT_COLOR_NAME = AccentColor;
				CODE_SIGN_STYLE = Automatic;
				DEVELOPMENT_TEAM = JXFMRW69P3;
				INFOPLIST_FILE = Simple_Timer_Youtube/Info.plist;
				LD_RUNPATH_SEARCH_PATHS = (
					"$(inherited)",
					"@executable_path/Frameworks",
				);
				PRODUCT_BUNDLE_IDENTIFIER = "iOSoo.Simple-Timer-Youtube";
				PRODUCT_NAME = "$(TARGET_NAME)";
				SWIFT_VERSION = 5.0;
				TARGETED_DEVICE_FAMILY = "1,2";
			};
			name = Debug;
		};
		99567DE326EEDFD2002C5156 /* Release */ = {
			isa = XCBuildConfiguration;
			buildSettings = {
				ASSETCATALOG_COMPILER_APPICON_NAME = AppIcon;
				ASSETCATALOG_COMPILER_GLOBAL_ACCENT_COLOR_NAME = AccentColor;
				CODE_SIGN_STYLE = Automatic;
				DEVELOPMENT_TEAM = JXFMRW69P3;
				INFOPLIST_FILE = Simple_Timer_Youtube/Info.plist;
				LD_RUNPATH_SEARCH_PATHS = (
					"$(inherited)",
					"@executable_path/Frameworks",
				);
				PRODUCT_BUNDLE_IDENTIFIER = "iOSoo.Simple-Timer-Youtube";
				PRODUCT_NAME = "$(TARGET_NAME)";
				SWIFT_VERSION = 5.0;
				TARGETED_DEVICE_FAMILY = "1,2";
			};
			name = Release;
		};
/* End XCBuildConfiguration section */

/* Begin XCConfigurationList section */
		99567DC826EEDFD1002C5156 /* Build configuration list for PBXProject "Simple_Timer_Youtube" */ = {
			isa = XCConfigurationList;
			buildConfigurations = (
				99567DDF26EEDFD2002C5156 /* Debug */,
				99567DE026EEDFD2002C5156 /* Release */,
			);
			defaultConfigurationIsVisible = 0;
			defaultConfigurationName = Release;
		};
		99567DE126EEDFD2002C5156 /* Build configuration list for PBXNativeTarget "Simple_Timer_Youtube" */ = {
			isa = XCConfigurationList;
			buildConfigurations = (
				99567DE226EEDFD2002C5156 /* Debug */,
				99567DE326EEDFD2002C5156 /* Release */,
			);
			defaultConfigurationIsVisible = 0;
			defaultConfigurationName = Release;
		};
/* End XCConfigurationList section */
	};
	rootObject = 99567DC526EEDFD1002C5156 /* Project object */;
}
